
Microsoft Visual Studio Solution File, Format Version 12.00
# Visual Studio Version 16
VisualStudioVersion = 16.0.29102.190
MinimumVisualStudioVersion = 10.0.40219.1
Project("{FAE04EC0-301F-11D3-BF4B-00C04F79EFBC}") = "CircleTime", "CircleTime\CircleTime.csproj", "{6673455B-F981-413D-B133-2E2C92BD7753}"
EndProject
Global
	GlobalSection(SolutionConfigurationPlatforms) = preSolution
		Debug|Any CPU = Debug|Any CPU
		Release|Any CPU = Release|Any CPU
	EndGlobalSection
	GlobalSection(ProjectConfigurationPlatforms) = postSolution
		{6673455B-F981-413D-B133-2E2C92BD7753}.Debug|Any CPU.ActiveCfg = Debug|Any CPU
		{6673455B-F981-413D-B133-2E2C92BD7753}.Debug|Any CPU.Build.0 = Debug|Any CPU
		{6673455B-F981-413D-B133-2E2C92BD7753}.Release|Any CPU.ActiveCfg = Release|Any CPU
		{6673455B-F981-413D-B133-2E2C92BD7753}.Release|Any CPU.Build.0 = Release|Any CPU
	EndGlobalSection
	GlobalSection(SolutionProperties) = preSolution
		HideSolutionNode = FALSE
	EndGlobalSection
	GlobalSection(ExtensibilityGlobals) = postSolution
		SolutionGuid = {8616C71F-7097-47E4-A6AB-845AEAD99A93}
	EndGlobalSection
EndGlobal
